
Microsoft Visual Studio Solution File, Format Version 12.00
# Visual Studio Version 16
VisualStudioVersion = 16.0.29905.134
MinimumVisualStudioVersion = 10.0.40219.1
Project("{9A19103F-16F7-4668-BE54-9A1E7A4F7556}") = "Jotex", "Jotex\Jotex.csproj", "{9897E1C8-C384-491C-8B08-68ADEBD8A952}"
EndProject
Project("{9A19103F-16F7-4668-BE54-9A1E7A4F7556}") = "Repository", "Repository\Repository.csproj", "{A469AE74-A4AA-4B46-8A2C-DFFC7D834543}"
EndProject
Project("{FAE04EC0-301F-11D3-BF4B-00C04F79EFBC}") = "Admin", "Admin\Admin.csproj", "{804DFD76-0878-46F3-8D4B-E9A55BC3147A}"
EndProject
Global
	GlobalSection(SolutionConfigurationPlatforms) = preSolution
		Debug|Any CPU = Debug|Any CPU
		Release|Any CPU = Release|Any CPU
	EndGlobalSection
	GlobalSection(ProjectConfigurationPlatforms) = postSolution
		{9897E1C8-C384-491C-8B08-68ADEBD8A952}.Debug|Any CPU.ActiveCfg = Debug|Any CPU
		{9897E1C8-C384-491C-8B08-68ADEBD8A952}.Debug|Any CPU.Build.0 = Debug|Any CPU
		{9897E1C8-C384-491C-8B08-68ADEBD8A952}.Release|Any CPU.ActiveCfg = Release|Any CPU
		{9897E1C8-C384-491C-8B08-68ADEBD8A952}.Release|Any CPU.Build.0 = Release|Any CPU
		{A469AE74-A4AA-4B46-8A2C-DFFC7D834543}.Debug|Any CPU.ActiveCfg = Debug|Any CPU
		{A469AE74-A4AA-4B46-8A2C-DFFC7D834543}.Debug|Any CPU.Build.0 = Debug|Any CPU
		{A469AE74-A4AA-4B46-8A2C-DFFC7D834543}.Release|Any CPU.ActiveCfg = Release|Any CPU
		{A469AE74-A4AA-4B46-8A2C-DFFC7D834543}.Release|Any CPU.Build.0 = Release|Any CPU
		{804DFD76-0878-46F3-8D4B-E9A55BC3147A}.Debug|Any CPU.ActiveCfg = Debug|Any CPU
		{804DFD76-0878-46F3-8D4B-E9A55BC3147A}.Debug|Any CPU.Build.0 = Debug|Any CPU
		{804DFD76-0878-46F3-8D4B-E9A55BC3147A}.Release|Any CPU.ActiveCfg = Release|Any CPU
		{804DFD76-0878-46F3-8D4B-E9A55BC3147A}.Release|Any CPU.Build.0 = Release|Any CPU
	EndGlobalSection
	GlobalSection(SolutionProperties) = preSolution
		HideSolutionNode = FALSE
	EndGlobalSection
	GlobalSection(ExtensibilityGlobals) = postSolution
		SolutionGuid = {57C2C20E-7FCD-441E-9DFF-5299123475F2}
	EndGlobalSection
EndGlobal
